
Microsoft Visual Studio Solution File, Format Version 12.00
# Visual Studio Version 17
VisualStudioVersion = 17.7.34221.43
MinimumVisualStudioVersion = 10.0.40219.1
Project("{FAE04EC0-301F-11D3-BF4B-00C04F79EFBC}") = "AlunoAPI", "AlunoAPI\AlunoAPI.csproj", "{C0765D22-70D9-418C-8CA9-84F079BE99AE}"
EndProject
Global
	GlobalSection(SolutionConfigurationPlatforms) = preSolution
		Debug|Any CPU = Debug|Any CPU
		Release|Any CPU = Release|Any CPU
	EndGlobalSection
	GlobalSection(ProjectConfigurationPlatforms) = postSolution
		{C0765D22-70D9-418C-8CA9-84F079BE99AE}.Debug|Any CPU.ActiveCfg = Debug|Any CPU
		{C0765D22-70D9-418C-8CA9-84F079BE99AE}.Debug|Any CPU.Build.0 = Debug|Any CPU
		{C0765D22-70D9-418C-8CA9-84F079BE99AE}.Release|Any CPU.ActiveCfg = Release|Any CPU
		{C0765D22-70D9-418C-8CA9-84F079BE99AE}.Release|Any CPU.Build.0 = Release|Any CPU
	EndGlobalSection
	GlobalSection(SolutionProperties) = preSolution
		HideSolutionNode = FALSE
	EndGlobalSection
	GlobalSection(ExtensibilityGlobals) = postSolution
		SolutionGuid = {9FA109F1-DC41-4A4A-9E14-996579011C01}
	EndGlobalSection
EndGlobal
